
Microsoft Visual Studio Solution File, Format Version 12.00
# Visual Studio Version 17
VisualStudioVersion = 17.8.34511.84
MinimumVisualStudioVersion = 10.0.40219.1
Project("{FAE04EC0-301F-11D3-BF4B-00C04F79EFBC}") = "LudoClient", "LudoClient\LudoClient.csproj", "{435C4B23-7838-4021-8E1C-96075F38E2AE}"
EndProject
Global
	GlobalSection(SolutionConfigurationPlatforms) = preSolution
		Debug|Any CPU = Debug|Any CPU
		Release|Any CPU = Release|Any CPU
	EndGlobalSection
	GlobalSection(ProjectConfigurationPlatforms) = postSolution
		{435C4B23-7838-4021-8E1C-96075F38E2AE}.Debug|Any CPU.ActiveCfg = Debug|Any CPU
		{435C4B23-7838-4021-8E1C-96075F38E2AE}.Debug|Any CPU.Build.0 = Debug|Any CPU
		{435C4B23-7838-4021-8E1C-96075F38E2AE}.Debug|Any CPU.Deploy.0 = Debug|Any CPU
		{435C4B23-7838-4021-8E1C-96075F38E2AE}.Release|Any CPU.ActiveCfg = Release|Any CPU
		{435C4B23-7838-4021-8E1C-96075F38E2AE}.Release|Any CPU.Build.0 = Release|Any CPU
		{435C4B23-7838-4021-8E1C-96075F38E2AE}.Release|Any CPU.Deploy.0 = Release|Any CPU
	EndGlobalSection
	GlobalSection(SolutionProperties) = preSolution
		HideSolutionNode = FALSE
	EndGlobalSection
	GlobalSection(ExtensibilityGlobals) = postSolution
		SolutionGuid = {008340D7-AFC2-4ECE-8940-ABD8A44D4932}
	EndGlobalSection
EndGlobal
